
Microsoft Visual Studio Solution File, Format Version 12.00
Project("{FAE04EC0-301F-11D3-BF4B-00C04F79EFBC}") = "A1-Ticketing-System", "A1-Ticketing-System\A1-Ticketing-System.csproj", "{3DA68E53-9810-49DA-8C0A-704C4F346252}"
EndProject
Global
	GlobalSection(SolutionConfigurationPlatforms) = preSolution
		Debug|Any CPU = Debug|Any CPU
		Release|Any CPU = Release|Any CPU
	EndGlobalSection
	GlobalSection(ProjectConfigurationPlatforms) = postSolution
		{3DA68E53-9810-49DA-8C0A-704C4F346252}.Debug|Any CPU.ActiveCfg = Debug|Any CPU
		{3DA68E53-9810-49DA-8C0A-704C4F346252}.Debug|Any CPU.Build.0 = Debug|Any CPU
		{3DA68E53-9810-49DA-8C0A-704C4F346252}.Release|Any CPU.ActiveCfg = Release|Any CPU
		{3DA68E53-9810-49DA-8C0A-704C4F346252}.Release|Any CPU.Build.0 = Release|Any CPU
	EndGlobalSection
EndGlobal
